// !$*UTF8*$!
{
	archiveVersion = 1;
	classes = {
	};
	objectVersion = 46;
	objects = {

/* Begin PBXBuildFile section */
		FF7A1C7315516B150051B4BC /* UIKit.framework in Frameworks */ = {isa = PBXBuildFile; fileRef = FF7A1C7215516B150051B4BC /* UIKit.framework */; };
		FF7A1C7515516B150051B4BC /* Foundation.framework in Frameworks */ = {isa = PBXBuildFile; fileRef = FF7A1C7415516B150051B4BC /* Foundation.framework */; };
		FF7A1C7715516B150051B4BC /* CoreGraphics.framework in Frameworks */ = {isa = PBXBuildFile; fileRef = FF7A1C7615516B150051B4BC /* CoreGraphics.framework */; };
		FF7A1C7D15516B150051B4BC /* InfoPlist.strings in Resources */ = {isa = PBXBuildFile; fileRef = FF7A1C7B15516B150051B4BC /* InfoPlist.strings */; };
		FF7A1C7F15516B150051B4BC /* main.m in Sources */ = {isa = PBXBuildFile; fileRef = FF7A1C7E15516B150051B4BC /* main.m */; };
		FF7A1C8315516B150051B4BC /* AppDelegate.m in Sources */ = {isa = PBXBuildFile; fileRef = FF7A1C8215516B150051B4BC /* AppDelegate.m */; };
		FF7A1C8B15516B150051B4BC /* SenTestingKit.framework in Frameworks */ = {isa = PBXBuildFile; fileRef = FF7A1C8A15516B150051B4BC /* SenTestingKit.framework */; };
		FF7A1C8C15516B150051B4BC /* UIKit.framework in Frameworks */ = {isa = PBXBuildFile; fileRef = FF7A1C7215516B150051B4BC /* UIKit.framework */; };
		FF7A1C8D15516B150051B4BC /* Foundation.framework in Frameworks */ = {isa = PBXBuildFile; fileRef = FF7A1C7415516B150051B4BC /* Foundation.framework */; };
		FF7A1C9515516B150051B4BC /* InfoPlist.strings in Resources */ = {isa = PBXBuildFile; fileRef = FF7A1C9315516B150051B4BC /* InfoPlist.strings */; };
		FF7A1C9815516B150051B4BC /* myfirsttestTests.m in Sources */ = {isa = PBXBuildFile; fileRef = FF7A1C9715516B150051B4BC /* myfirsttestTests.m */; };
/* End PBXBuildFile section */

/* Begin PBXContainerItemProxy section */
		FF7A1C8E15516B150051B4BC /* PBXContainerItemProxy */ = {
			isa = PBXContainerItemProxy;
			containerPortal = FF7A1C6515516B150051B4BC /* Project object */;
			proxyType = 1;
			remoteGlobalIDString = FF7A1C6D15516B150051B4BC;
			remoteInfo = myfirsttest;
		};
/* End PBXContainerItemProxy section */

/* Begin PBXFileReference section */
		FF7A1C6E15516B150051B4BC /* myfirsttest.app */ = {isa = PBXFileReference; explicitFileType = wrapper.application; includeInIndex = 0; path = myfirsttest.app; sourceTree = BUILT_PRODUCTS_DIR; };
		FF7A1C7215516B150051B4BC /* UIKit.framework */ = {isa = PBXFileReference; lastKnownFileType = wrapper.framework; name = UIKit.framework; path = System/Library/Frameworks/UIKit.framework; sourceTree = SDKROOT; };
		FF7A1C7415516B150051B4BC /* Foundation.framework */ = {isa = PBXFileReference; lastKnownFileType = wrapper.framework; name = Foundation.framework; path = System/Library/Frameworks/Foundation.framework; sourceTree = SDKROOT; };
		FF7A1C7615516B150051B4BC /* CoreGraphics.framework */ = {isa = PBXFileReference; lastKnownFileType = wrapper.framework; name = CoreGraphics.framework; path = System/Library/Frameworks/CoreGraphics.framework; sourceTree = SDKROOT; };
		FF7A1C7A15516B150051B4BC /* myfirsttest-Info.plist */ = {isa = PBXFileReference; path = "myfirsttest-Info.plist"; sourceTree = "<group>"; };
		FF7A1C7C15516B150051B4BC /* en */ = {isa = PBXFileReference; lastKnownFileType = text.plist.strings; name = en; path = en.lproj/InfoPlist.strings; sourceTree = "<group>"; };
		FF7A1C7E15516B150051B4BC /* main.m */ = {isa = PBXFileReference; lastKnownFileType = sourcecode.c.objc; path = main.m; sourceTree = "<group>"; };
		FF7A1C8015516B150051B4BC /* myfirsttest-Prefix.pch */ = {isa = PBXFileReference; path = "myfirsttest-Prefix.pch"; sourceTree = "<group>"; };
		FF7A1C8115516B150051B4BC /* AppDelegate.h */ = {isa = PBXFileReference; path = AppDelegate.h; sourceTree = "<group>"; };
		FF7A1C8215516B150051B4BC /* AppDelegate.m */ = {isa = PBXFileReference; lastKnownFileType = sourcecode.c.objc; path = AppDelegate.m; sourceTree = "<group>"; };
		FF7A1C8915516B150051B4BC /* myfirsttestTests.octest */ = {isa = PBXFileReference; explicitFileType = wrapper.cfbundle; includeInIndex = 0; path = myfirsttestTests.octest; sourceTree = BUILT_PRODUCTS_DIR; };
		FF7A1C8A15516B150051B4BC /* SenTestingKit.framework */ = {isa = PBXFileReference; lastKnownFileType = wrapper.framework; name = SenTestingKit.framework; path = Library/Frameworks/SenTestingKit.framework; sourceTree = DEVELOPER_DIR; };
		FF7A1C9215516B150051B4BC /* myfirsttestTests-Info.plist */ = {isa = PBXFileReference; path = "myfirsttestTests-Info.plist"; sourceTree = "<group>"; };
		FF7A1C9415516B150051B4BC /* en */ = {isa = PBXFileReference; lastKnownFileType = text.plist.strings; name = en; path = en.lproj/InfoPlist.strings; sourceTree = "<group>"; };
		FF7A1C9615516B150051B4BC /* myfirsttestTests.h */ = {isa = PBXFileReference; path = myfirsttestTests.h; sourceTree = "<group>"; };
		FF7A1C9715516B150051B4BC /* myfirsttestTests.m */ = {isa = PBXFileReference; lastKnownFileType = sourcecode.c.objc; path = myfirsttestTests.m; sourceTree = "<group>"; };
/* End PBXFileReference section */

/* Begin PBXFrameworksBuildPhase section */
		FF7A1C6B15516B150051B4BC /* Frameworks */ = {
			isa = PBXFrameworksBuildPhase;
			buildActionMask = 2147483647;
			files = (
				FF7A1C7315516B150051B4BC /* UIKit.framework in Frameworks */,
				FF7A1C7515516B150051B4BC /* Foundation.framework in Frameworks */,
				FF7A1C7715516B150051B4BC /* CoreGraphics.framework in Frameworks */,
			);
			runOnlyForDeploymentPostprocessing = 0;
		};
		FF7A1C8515516B150051B4BC /* Frameworks */ = {
			isa = PBXFrameworksBuildPhase;
			buildActionMask = 2147483647;
			files = (
				FF7A1C8B15516B150051B4BC /* SenTestingKit.framework in Frameworks */,
				FF7A1C8C15516B150051B4BC /* UIKit.framework in Frameworks */,
				FF7A1C8D15516B150051B4BC /* Foundation.framework in Frameworks */,
			);
			runOnlyForDeploymentPostprocessing = 0;
		};
/* End PBXFrameworksBuildPhase section */

/* Begin PBXGroup section */
		FF7A1C6315516B150051B4BC = {
			isa = PBXGroup;
			children = (
				FF7A1C7815516B150051B4BC /* myfirsttest */,
				FF7A1C9015516B150051B4BC /* myfirsttestTests */,
				FF7A1C7115516B150051B4BC /* Frameworks */,
				FF7A1C6F15516B150051B4BC /* Products */,
			);
			sourceTree = "<group>";
		};
		FF7A1C6F15516B150051B4BC /* Products */ = {
			isa = PBXGroup;
			children = (
				FF7A1C6E15516B150051B4BC /* myfirsttest.app */,
				FF7A1C8915516B150051B4BC /* myfirsttestTests.octest */,
			);
			name = Products;
			sourceTree = "<group>";
		};
		FF7A1C7115516B150051B4BC /* Frameworks */ = {
			isa = PBXGroup;
			children = (
				FF7A1C7215516B150051B4BC /* UIKit.framework */,
				FF7A1C7415516B150051B4BC /* Foundation.framework */,
				FF7A1C7615516B150051B4BC /* CoreGraphics.framework */,
				FF7A1C8A15516B150051B4BC /* SenTestingKit.framework */,
			);
			name = Frameworks;
			sourceTree = "<group>";
		};
		FF7A1C7815516B150051B4BC /* myfirsttest */ = {
			isa = PBXGroup;
			children = (
				FF7A1C8115516B150051B4BC /* AppDelegate.h */,
				FF7A1C8215516B150051B4BC /* AppDelegate.m */,
				FF7A1C7915516B150051B4BC /* Supporting Files */,
			);
			path = myfirsttest;
			sourceTree = "<group>";
		};
		FF7A1C7915516B150051B4BC /* Supporting Files */ = {
			isa = PBXGroup;
			children = (
				FF7A1C7A15516B150051B4BC /* myfirsttest-Info.plist */,
				FF7A1C7B15516B150051B4BC /* InfoPlist.strings */,
				FF7A1C7E15516B150051B4BC /* main.m */,
				FF7A1C8015516B150051B4BC /* myfirsttest-Prefix.pch */,
			);
			name = "Supporting Files";
			sourceTree = "<group>";
		};
		FF7A1C9015516B150051B4BC /* myfirsttestTests */ = {
			isa = PBXGroup;
			children = (
				FF7A1C9615516B150051B4BC /* myfirsttestTests.h */,
				FF7A1C9715516B150051B4BC /* myfirsttestTests.m */,
				FF7A1C9115516B150051B4BC /* Supporting Files */,
			);
			path = myfirsttestTests;
			sourceTree = "<group>";
		};
		FF7A1C9115516B150051B4BC /* Supporting Files */ = {
			isa = PBXGroup;
			children = (
				FF7A1C9215516B150051B4BC /* myfirsttestTests-Info.plist */,
				FF7A1C9315516B150051B4BC /* InfoPlist.strings */,
			);
			name = "Supporting Files";
			sourceTree = "<group>";
		};
/* End PBXGroup section */

/* Begin PBXNativeTarget section */
		FF7A1C6D15516B150051B4BC /* myfirsttest */ = {
			isa = PBXNativeTarget;
			buildConfigurationList = FF7A1C9B15516B150051B4BC /* Build configuration list for PBXNativeTarget "myfirsttest" */;
			buildPhases = (
				FF7A1C6A15516B150051B4BC /* Sources */,
				FF7A1C6B15516B150051B4BC /* Frameworks */,
				FF7A1C6C15516B150051B4BC /* Resources */,
			);
			buildRules = (
			);
			dependencies = (
			);
			name = myfirsttest;
			productName = myfirsttest;
			productReference = FF7A1C6E15516B150051B4BC /* myfirsttest.app */;
			productType = "com.apple.product-type.application";
		};
		FF7A1C8815516B150051B4BC /* myfirsttestTests */ = {
			isa = PBXNativeTarget;
			buildConfigurationList = FF7A1C9E15516B150051B4BC /* Build configuration list for PBXNativeTarget "myfirsttestTests" */;
			buildPhases = (
				FF7A1C8415516B150051B4BC /* Sources */,
				FF7A1C8515516B150051B4BC /* Frameworks */,
				FF7A1C8615516B150051B4BC /* Resources */,
				FF7A1C8715516B150051B4BC /* ShellScript */,
			);
			buildRules = (
			);
			dependencies = (
				FF7A1C8F15516B150051B4BC /* PBXTargetDependency */,
			);
			name = myfirsttestTests;
			productName = myfirsttestTests;
			productReference = FF7A1C8915516B150051B4BC /* myfirsttestTests.octest */;
			productType = "com.apple.product-type.bundle";
		};
/* End PBXNativeTarget section */

/* Begin PBXProject section */
		FF7A1C6515516B150051B4BC /* Project object */ = {
			isa = PBXProject;
			attributes = {
				LastUpgradeCheck = 0420;
			};
			buildConfigurationList = FF7A1C6815516B150051B4BC /* Build configuration list for PBXProject "myfirsttest" */;
			compatibilityVersion = "Xcode 3.2";
			developmentRegion = English;
			hasScannedForEncodings = 0;
			knownRegions = (
				en,
			);
			mainGroup = FF7A1C6315516B150051B4BC;
			productRefGroup = FF7A1C6F15516B150051B4BC /* Products */;
			projectDirPath = "";
			projectRoot = "";
			targets = (
				FF7A1C6D15516B150051B4BC /* myfirsttest */,
				FF7A1C8815516B150051B4BC /* myfirsttestTests */,
			);
		};
/* End PBXProject section */

/* Begin PBXResourcesBuildPhase section */
		FF7A1C6C15516B150051B4BC /* Resources */ = {
			isa = PBXResourcesBuildPhase;
			buildActionMask = 2147483647;
			files = (
				FF7A1C7D15516B150051B4BC /* InfoPlist.strings in Resources */,
			);
			runOnlyForDeploymentPostprocessing = 0;
		};
		FF7A1C8615516B150051B4BC /* Resources */ = {
			isa = PBXResourcesBuildPhase;
			buildActionMask = 2147483647;
			files = (
				FF7A1C9515516B150051B4BC /* InfoPlist.strings in Resources */,
			);
			runOnlyForDeploymentPostprocessing = 0;
		};
/* End PBXResourcesBuildPhase section */

/* Begin PBXShellScriptBuildPhase section */
		FF7A1C8715516B150051B4BC /* ShellScript */ = {
			isa = PBXShellScriptBuildPhase;
			buildActionMask = 2147483647;
			files = (
			);
			inputPaths = (
			);
			outputPaths = (
			);
			runOnlyForDeploymentPostprocessing = 0;
			shellPath = /bin/sh;
			shellScript = "# Run the unit tests in this test bundle.\n\"${SYSTEM_DEVELOPER_DIR}/Tools/RunUnitTests\"\n";
		};
/* End PBXShellScriptBuildPhase section */

/* Begin PBXSourcesBuildPhase section */
		FF7A1C6A15516B150051B4BC /* Sources */ = {
			isa = PBXSourcesBuildPhase;
			buildActionMask = 2147483647;
			files = (
				FF7A1C7F15516B150051B4BC /* main.m in Sources */,
				FF7A1C8315516B150051B4BC /* AppDelegate.m in Sources */,
			);
			runOnlyForDeploymentPostprocessing = 0;
		};
		FF7A1C8415516B150051B4BC /* Sources */ = {
			isa = PBXSourcesBuildPhase;
			buildActionMask = 2147483647;
			files = (
				FF7A1C9815516B150051B4BC /* myfirsttestTests.m in Sources */,
			);
			runOnlyForDeploymentPostprocessing = 0;
		};
/* End PBXSourcesBuildPhase section */

/* Begin PBXTargetDependency section */
		FF7A1C8F15516B150051B4BC /* PBXTargetDependency */ = {
			isa = PBXTargetDependency;
			target = FF7A1C6D15516B150051B4BC /* myfirsttest */;
			targetProxy = FF7A1C8E15516B150051B4BC /* PBXContainerItemProxy */;
		};
/* End PBXTargetDependency section */

/* Begin PBXVariantGroup section */
		FF7A1C7B15516B150051B4BC /* InfoPlist.strings */ = {
			isa = PBXVariantGroup;
			children = (
				FF7A1C7C15516B150051B4BC /* en */,
			);
			name = InfoPlist.strings;
			sourceTree = "<group>";
		};
		FF7A1C9315516B150051B4BC /* InfoPlist.strings */ = {
			isa = PBXVariantGroup;
			children = (
				FF7A1C9415516B150051B4BC /* en */,
			);
			name = InfoPlist.strings;
			sourceTree = "<group>";
		};
/* End PBXVariantGroup section */

/* Begin XCBuildConfiguration section */
		FF7A1C9915516B150051B4BC /* Debug */ = {
			isa = XCBuildConfiguration;
			buildSettings = {
				ALWAYS_SEARCH_USER_PATHS = NO;
				ARCHS = "$(ARCHS_STANDARD_32_BIT)";
				"CODE_SIGN_IDENTITY[sdk=iphoneos*]" = "iPhone Developer";
				COPY_PHASE_STRIP = NO;
				GCC_C_LANGUAGE_STANDARD = gnu99;
				GCC_DYNAMIC_NO_PIC = NO;
				GCC_OPTIMIZATION_LEVEL = 0;
				GCC_PREPROCESSOR_DEFINITIONS = (
					"DEBUG=1",
					"$(inherited)",
				);
				GCC_SYMBOLS_PRIVATE_EXTERN = NO;
				GCC_VERSION = com.apple.compilers.llvm.clang.1_0;
				GCC_WARN_ABOUT_MISSING_PROTOTYPES = YES;
				GCC_WARN_ABOUT_RETURN_TYPE = YES;
				GCC_WARN_UNUSED_VARIABLE = YES;
				IPHONEOS_DEPLOYMENT_TARGET = 5.0;
				SDKROOT = iphoneos;
			};
			name = Debug;
		};
		FF7A1C9A15516B150051B4BC /* Release */ = {
			isa = XCBuildConfiguration;
			buildSettings = {
				ALWAYS_SEARCH_USER_PATHS = NO;
				ARCHS = "$(ARCHS_STANDARD_32_BIT)";
				"CODE_SIGN_IDENTITY[sdk=iphoneos*]" = "iPhone Developer";
				COPY_PHASE_STRIP = YES;
				GCC_C_LANGUAGE_STANDARD = gnu99;
				GCC_VERSION = com.apple.compilers.llvm.clang.1_0;
				GCC_WARN_ABOUT_MISSING_PROTOTYPES = YES;
				GCC_WARN_ABOUT_RETURN_TYPE = YES;
				GCC_WARN_UNUSED_VARIABLE = YES;
				IPHONEOS_DEPLOYMENT_TARGET = 5.0;
				OTHER_CFLAGS = "-DNS_BLOCK_ASSERTIONS=1";
				SDKROOT = iphoneos;
				VALIDATE_PRODUCT = YES;
			};
			name = Release;
		};
		FF7A1C9C15516B150051B4BC /* Debug */ = {
			isa = XCBuildConfiguration;
			buildSettings = {
				GCC_PRECOMPILE_PREFIX_HEADER = YES;
				GCC_PREFIX_HEADER = "myfirsttest/myfirsttest-Prefix.pch";
				INFOPLIST_FILE = "myfirsttest/myfirsttest-Info.plist";
				PRODUCT_NAME = "$(TARGET_NAME)";
				WRAPPER_EXTENSION = app;
			};
			name = Debug;
		};
		FF7A1C9D15516B150051B4BC /* Release */ = {
			isa = XCBuildConfiguration;
			buildSettings = {
				GCC_PRECOMPILE_PREFIX_HEADER = YES;
				GCC_PREFIX_HEADER = "myfirsttest/myfirsttest-Prefix.pch";
				INFOPLIST_FILE = "myfirsttest/myfirsttest-Info.plist";
				PRODUCT_NAME = "$(TARGET_NAME)";
				WRAPPER_EXTENSION = app;
			};
			name = Release;
		};
		FF7A1C9F15516B150051B4BC /* Debug */ = {
			isa = XCBuildConfiguration;
			buildSettings = {
				BUNDLE_LOADER = "$(BUILT_PRODUCTS_DIR)/myfirsttest.app/myfirsttest";
				FRAMEWORK_SEARCH_PATHS = (
					"$(SDKROOT)/Developer/Library/Frameworks",
					"$(DEVELOPER_LIBRARY_DIR)/Frameworks",
				);
				GCC_PRECOMPILE_PREFIX_HEADER = YES;
				GCC_PREFIX_HEADER = "myfirsttest/myfirsttest-Prefix.pch";
				INFOPLIST_FILE = "myfirsttestTests/myfirsttestTests-Info.plist";
				PRODUCT_NAME = "$(TARGET_NAME)";
				TEST_HOST = "$(BUNDLE_LOADER)";
				WRAPPER_EXTENSION = octest;
			};
			name = Debug;
		};
		FF7A1CA015516B150051B4BC /* Release */ = {
			isa = XCBuildConfiguration;
			buildSettings = {
				BUNDLE_LOADER = "$(BUILT_PRODUCTS_DIR)/myfirsttest.app/myfirsttest";
				FRAMEWORK_SEARCH_PATHS = (
					"$(SDKROOT)/Developer/Library/Frameworks",
					"$(DEVELOPER_LIBRARY_DIR)/Frameworks",
				);
				GCC_PRECOMPILE_PREFIX_HEADER = YES;
				GCC_PREFIX_HEADER = "myfirsttest/myfirsttest-Prefix.pch";
				INFOPLIST_FILE = "myfirsttestTests/myfirsttestTests-Info.plist";
				PRODUCT_NAME = "$(TARGET_NAME)";
				TEST_HOST = "$(BUNDLE_LOADER)";
				WRAPPER_EXTENSION = octest;
			};
			name = Release;
		};
/* End XCBuildConfiguration section */

/* Begin XCConfigurationList section */
		FF7A1C6815516B150051B4BC /* Build configuration list for PBXProject "myfirsttest" */ = {
			isa = XCConfigurationList;
			buildConfigurations = (
				FF7A1C9915516B150051B4BC /* Debug */,
				FF7A1C9A15516B150051B4BC /* Release */,
			);
			defaultConfigurationIsVisible = 0;
			defaultConfigurationName = Release;
		};
		FF7A1C9B15516B150051B4BC /* Build configuration list for PBXNativeTarget "myfirsttest" */ = {
			isa = XCConfigurationList;
			buildConfigurations = (
				FF7A1C9C15516B150051B4BC /* Debug */,
				FF7A1C9D15516B150051B4BC /* Release */,
			);
			defaultConfigurationIsVisible = 0;
		};
		FF7A1C9E15516B150051B4BC /* Build configuration list for PBXNativeTarget "myfirsttestTests" */ = {
			isa = XCConfigurationList;
			buildConfigurations = (
				FF7A1C9F15516B150051B4BC /* Debug */,
				FF7A1CA015516B150051B4BC /* Release */,
			);
			defaultConfigurationIsVisible = 0;
		};
/* End XCConfigurationList section */
	};
	rootObject = FF7A1C6515516B150051B4BC /* Project object */;
}
